hash: 75c7ee1fdb954853d3ab8f1b62b85ad7c1a8719da2d2396238f0eba863fb86e0
updated: 2016-06-16T14:14:58.047959949-04:00
imports:
- name: golang.org/x/exp
  version: 8460e604b9de9da5834c9f198cadf9dca4b05cac
- name: github.com/pkg/errors
  version: 248dadf4e9068a0b3e79f02ed0a610d935de5302

- name: github.com/urfave/cli
  version: 01857ac33766ce0c93856370626f9799281c14f4
- name: github.com/jpillora/backoff
  version: 06c7a16c845dc8e0bf575fafeeca0f5462f5eb4d

- name: github.com/davecgh/go-spew
  version: adab96458c51a58dc1783b3335dcce5461522e75
- name: github.com/stretchr/objx
  version: 1a9d0bb9f541897e62256577b352fdbc1fb4fd94
- name: github.com/stretchr/testify
  version: 890a5c3458b43e6104ff5da8dfa139d013d77544
- name: github.com/pmezard/go-difflib
  version: 792786c7400a136282c1664665ae0a8db921c6c2

- name: github.com/mongodb/amboy
  version: 4b025e408736bcf857d0550d7ce90f1b79889594
- name: github.com/mongodb/grip
  version: 8b8accd7a3ec9b31a2d3eea610d5bf906bddfd11
- name: github.com/mongodb/anser
  version: 7c8a0ddd4ef846c0e3701ca4a6e5e02f63413338
- name: github.com/evergreen-ci/gimlet
  version: 3937c5ffc50c04cda5027f3fd11352f3609c7a8f
- name: github.com/mongodb/ftdc
  version: 8923d07346eeb63ed18f01c96fa9ae384e960706
- name: github.com/evergreen-ci/pail
  version: 1df85beb6afca4560131e9a65fccfaac91af944a
- name: github.com/evergreen-ci/aviation
  version: 0b7fdb85cbd336e56042fcef0531f0e82db38115

- name: github.com/papertrail/go-tail
  version: 973c153b04319fc4604d847b09861a5730cbbde2
- name: github.com/mongodb/mongo-go-driver
  version: 75d4a131a98d6687705ec0b100f38dbfa34f06b0
- name: gonum.org/v1/gonum
  version: c75679ee1eff8582bca7583704825721ea1ff701
- name: gopkg.in/mgo.v2
  version: 3f83fa5005286a7fe593b055f0d7771a7dce4655
- name: gopkg.in/yaml.v2
  version: 25c4ec802a7d637f88d584ab26798e94ad14c13b

- name: github.com/aws/aws-sdk-go
  version: cf66c348f82c79de333bd788d4f782c4d623ebad
- name: github.com/awalterschulze/gographviz
  version: 7c3cf72121515513fad9d6c9a090db2aa4f47143
- name: github.com/square/certstrap
  version: a0ea37d7c3834c63c247ab2083acf9d4657b19cd

- name: github.com/tychoish/tarjan
  version: fcd3f3321826209eac4a6f41c0108624d948e499
- name: github.com/satori/go.uuid
  version: 879c5887cd475cd7864858769793b2ceb0d44feb
- name: github.com/montanaflynn/stats
  version: 1bf9dbcd8cbe1fdb75add3785b1d4a9a646269ab
- name: github.com/mitchellh/go-homedir
  version: ae18d6b8b3205b561c79e8e5f69bff09736185f4

# grpc and dependencies
- name: google.golang.org/grpc
  version: a02b0774206b209466313a0b525d2c738fe407eb 
- name: github.com/golang/protobuf
  version: b27b920f9e71b439b873b17bf99f56467623814a
- name: golang.org/x/net
  version: 922f4815f713f213882e8ef45e0d315b164d705c
- name: golang.org/x/sys
  version: 3b58ed4ad3395d483fc92d5d14123ce2c3581fec
- name: golang.org/x/text
  version: 6e3c4e7365ddcc329f090f96e4348398f6310088
- name: google.golang.org/genproto
  version: c66870c02cf823ceb633bcd05be3c7cda29976f4
