hash: 75c7ee1fdb954853d3ab8f1b62b85ad7c1a8719da2d2396238f0eba863fb86e0
updated: 2016-06-16T14:14:58.047959949-04:00
imports:
- name: github.com/urfave/cli
  version: 01857ac33766ce0c93856370626f9799281c14f4
- name: github.com/mongodb/amboy
  version: fef06792a99996cdf558314a510b7c683b8f933a
- name: github.com/tychoish/grip
  version: 0ed407197c91ff0f63c91eb7e385d5dc6175918e
# 
- name: github.com/stretchr/objx
  version: 1a9d0bb9f541897e62256577b352fdbc1fb4fd94
- name: github.com/stretchr/testify
  version: d77da356e56a7428ad25149ca77381849a6a5232
- name: github.com/pmezard/go-difflib
  version: 792786c7400a136282c1664665ae0a8db921c6c2
- name: github.com/davecgh/go-spew
  version: 5215b55f46b2b919f50a1df0eaa5886afe4e3b3d

- name: github.com/pkg/errors
  version: 248dadf4e9068a0b3e79f02ed0a610d935de5302
- name: golang.org/x/net
  version: 1358eff22f0dd0c54fc521042cc607f6ff4b531a
- name: github.com/tychoish/gimlet
  version: 74a2ca3711d5bd9d89e3fb543afd379d97b7bacc
- name: gopkg.in/mgo.v2
  version: 3f83fa5005286a7fe593b055f0d7771a7dce4655

- name: github.com/mongodb/curator
  version: 1953292283a5d94b209bf160fafff24cd73d6f4b
